
Microsoft Visual Studio Solution File, Format Version 12.00
# Visual Studio Version 17
VisualStudioVersion = 17.13.35806.99 d17.13
MinimumVisualStudioVersion = 10.0.40219.1
Project("{FAE04EC0-301F-11D3-BF4B-00C04F79EFBC}") = "ManosalvasEjercicioPeople", "ManosalvasEjercicioPeople\ManosalvasEjercicioPeople.csproj", "{0EF735D4-E78A-4ACA-AE0C-81E1D9631F75}"
EndProject
Global
	GlobalSection(SolutionConfigurationPlatforms) = preSolution
		Debug|Any CPU = Debug|Any CPU
		Release|Any CPU = Release|Any CPU
	EndGlobalSection
	GlobalSection(ProjectConfigurationPlatforms) = postSolution
		{0EF735D4-E78A-4ACA-AE0C-81E1D9631F75}.Debug|Any CPU.ActiveCfg = Debug|Any CPU
		{0EF735D4-E78A-4ACA-AE0C-81E1D9631F75}.Debug|Any CPU.Build.0 = Debug|Any CPU
		{0EF735D4-E78A-4ACA-AE0C-81E1D9631F75}.Release|Any CPU.ActiveCfg = Release|Any CPU
		{0EF735D4-E78A-4ACA-AE0C-81E1D9631F75}.Release|Any CPU.Build.0 = Release|Any CPU
	EndGlobalSection
	GlobalSection(SolutionProperties) = preSolution
		HideSolutionNode = FALSE
	EndGlobalSection
	GlobalSection(ExtensibilityGlobals) = postSolution
		SolutionGuid = {A46C1F16-5F08-4C47-9EE2-6912E0F9E612}
	EndGlobalSection
EndGlobal
